
Microsoft Visual Studio Solution File, Format Version 12.00
# Visual Studio Version 17
VisualStudioVersion = 17.0.31903.59
MinimumVisualStudioVersion = 10.0.40219.1
Project("{2150E333-8FDC-42A3-9474-1A3956D46DE8}") = "src", "src", "{C7D929D4-BF08-40AB-A9C5-7A65DBF2618C}"
EndProject
Project("{2150E333-8FDC-42A3-9474-1A3956D46DE8}") = "Api", "Api", "{D4D6F2C6-312C-4B17-8D3E-607D37A9BB91}"
EndProject
Project("{2150E333-8FDC-42A3-9474-1A3956D46DE8}") = "Clients", "Clients", "{D556D6F7-0771-493B-9567-97443E1457A0}"
EndProject
Project("{2150E333-8FDC-42A3-9474-1A3956D46DE8}") = "Core", "Core", "{FF2664BF-0C1A-4C51-A9AE-56781EBF666A}"
EndProject
Project("{2150E333-8FDC-42A3-9474-1A3956D46DE8}") = "Infrastructure", "Infrastructure", "{0E4FE3C1-4665-4B19-BD5A-ED6A5196B664}"
EndProject
Project("{2150E333-8FDC-42A3-9474-1A3956D46DE8}") = "WebApi", "WebApi", "{32AF0756-3280-4CE3-9CDF-693191EBAF92}"
EndProject
Project("{2150E333-8FDC-42A3-9474-1A3956D46DE8}") = "Common", "Common", "{E99FB43F-EF24-4B73-8DC1-B76097877386}"
EndProject
Project("{2150E333-8FDC-42A3-9474-1A3956D46DE8}") = "Projections", "Projections", "{FE70971A-D604-4788-8D82-287734E4C2D2}"
EndProject
Project("{FAE04EC0-301F-11D3-BF4B-00C04F79EFBC}") = "BlazorSozluk.Common", "src\Common\BlazorSozluk.Common\BlazorSozluk.Common.csproj", "{EF5AEA7B-3341-4B93-85BC-6179180A2A49}"
EndProject
Project("{FAE04EC0-301F-11D3-BF4B-00C04F79EFBC}") = "BlazorSozluk.Api.Domain", "src\Api\Core\BlazorSozluk.Api\BlazorSozluk.Api.Domain.csproj", "{5F48F6FE-F595-40D6-98C4-83497A1DEB39}"
EndProject
Project("{FAE04EC0-301F-11D3-BF4B-00C04F79EFBC}") = "BlazorSozluk.Application", "src\Api\Core\BlazorSozluk.Application\BlazorSozluk.Application.csproj", "{A476A072-C37A-40FA-A49E-E8B3067933A2}"
EndProject
Project("{FAE04EC0-301F-11D3-BF4B-00C04F79EFBC}") = "BlazorSozluk.Infrastrucure.Persistence", "src\Api\Infrastructure\BlazorSozluk.Infrastrucure\BlazorSozluk.Infrastrucure.Persistence.csproj", "{E25D4BFD-2A06-4C2B-BE86-945FA871CDE7}"
EndProject
Project("{FAE04EC0-301F-11D3-BF4B-00C04F79EFBC}") = "BlozorSozluk.Api.WebApi", "src\Api\WebApi\BlozorSozluk.Api.WebApi\BlozorSozluk.Api.WebApi.csproj", "{F79733A0-78FE-4110-ACB2-728A28935C5C}"
EndProject
Project("{FAE04EC0-301F-11D3-BF4B-00C04F79EFBC}") = "BlazorSozluk.Projections.FavoriteService", "src\Projections\BlazorSozluk.Projections.FavoriteService\BlazorSozluk.Projections.FavoriteService.csproj", "{F87B04D5-8F10-4507-A174-F756443F16B0}"
EndProject
Project("{FAE04EC0-301F-11D3-BF4B-00C04F79EFBC}") = "BlazorSozluk.Projections.UserService", "src\Projections\BlazorSozluk.Projections.User\BlazorSozluk.Projections.UserService.csproj", "{867C4882-1084-47F6-BCFF-8BE33C0CED78}"
EndProject
Project("{FAE04EC0-301F-11D3-BF4B-00C04F79EFBC}") = "BlazorSozluk.Projection.VoteService", "src\Projections\BlazorSozluk.Projection.VoteService\BlazorSozluk.Projection.VoteService.csproj", "{3FC225A5-6AE6-4C31-8578-B72C23A353F2}"
EndProject
Project("{2150E333-8FDC-42A3-9474-1A3956D46DE8}") = "BlazorWeb", "BlazorWeb", "{152ACAC0-B902-45FE-9E20-00E99C6C26A4}"
EndProject
Project("{FAE04EC0-301F-11D3-BF4B-00C04F79EFBC}") = "BlazorSozluk.WebApp,", "src\Clients\BlazorWeb\BlazorSozluk.WebApp,\BlazorSozluk.WebApp,.csproj", "{84DA5378-CFFD-4AFC-A758-493978FD3901}"
EndProject
Global
	GlobalSection(SolutionConfigurationPlatforms) = preSolution
		Debug|Any CPU = Debug|Any CPU
		Release|Any CPU = Release|Any CPU
	EndGlobalSection
	GlobalSection(ProjectConfigurationPlatforms) = postSolution
		{EF5AEA7B-3341-4B93-85BC-6179180A2A49}.Debug|Any CPU.ActiveCfg = Debug|Any CPU
		{EF5AEA7B-3341-4B93-85BC-6179180A2A49}.Debug|Any CPU.Build.0 = Debug|Any CPU
		{EF5AEA7B-3341-4B93-85BC-6179180A2A49}.Release|Any CPU.ActiveCfg = Release|Any CPU
		{EF5AEA7B-3341-4B93-85BC-6179180A2A49}.Release|Any CPU.Build.0 = Release|Any CPU
		{5F48F6FE-F595-40D6-98C4-83497A1DEB39}.Debug|Any CPU.ActiveCfg = Debug|Any CPU
		{5F48F6FE-F595-40D6-98C4-83497A1DEB39}.Debug|Any CPU.Build.0 = Debug|Any CPU
		{5F48F6FE-F595-40D6-98C4-83497A1DEB39}.Release|Any CPU.ActiveCfg = Release|Any CPU
		{5F48F6FE-F595-40D6-98C4-83497A1DEB39}.Release|Any CPU.Build.0 = Release|Any CPU
		{A476A072-C37A-40FA-A49E-E8B3067933A2}.Debug|Any CPU.ActiveCfg = Debug|Any CPU
		{A476A072-C37A-40FA-A49E-E8B3067933A2}.Debug|Any CPU.Build.0 = Debug|Any CPU
		{A476A072-C37A-40FA-A49E-E8B3067933A2}.Release|Any CPU.ActiveCfg = Release|Any CPU
		{A476A072-C37A-40FA-A49E-E8B3067933A2}.Release|Any CPU.Build.0 = Release|Any CPU
		{E25D4BFD-2A06-4C2B-BE86-945FA871CDE7}.Debug|Any CPU.ActiveCfg = Debug|Any CPU
		{E25D4BFD-2A06-4C2B-BE86-945FA871CDE7}.Debug|Any CPU.Build.0 = Debug|Any CPU
		{E25D4BFD-2A06-4C2B-BE86-945FA871CDE7}.Release|Any CPU.ActiveCfg = Release|Any CPU
		{E25D4BFD-2A06-4C2B-BE86-945FA871CDE7}.Release|Any CPU.Build.0 = Release|Any CPU
		{F79733A0-78FE-4110-ACB2-728A28935C5C}.Debug|Any CPU.ActiveCfg = Debug|Any CPU
		{F79733A0-78FE-4110-ACB2-728A28935C5C}.Debug|Any CPU.Build.0 = Debug|Any CPU
		{F79733A0-78FE-4110-ACB2-728A28935C5C}.Release|Any CPU.ActiveCfg = Release|Any CPU
		{F79733A0-78FE-4110-ACB2-728A28935C5C}.Release|Any CPU.Build.0 = Release|Any CPU
		{F87B04D5-8F10-4507-A174-F756443F16B0}.Debug|Any CPU.ActiveCfg = Debug|Any CPU
		{F87B04D5-8F10-4507-A174-F756443F16B0}.Debug|Any CPU.Build.0 = Debug|Any CPU
		{F87B04D5-8F10-4507-A174-F756443F16B0}.Release|Any CPU.ActiveCfg = Release|Any CPU
		{F87B04D5-8F10-4507-A174-F756443F16B0}.Release|Any CPU.Build.0 = Release|Any CPU
		{867C4882-1084-47F6-BCFF-8BE33C0CED78}.Debug|Any CPU.ActiveCfg = Debug|Any CPU
		{867C4882-1084-47F6-BCFF-8BE33C0CED78}.Debug|Any CPU.Build.0 = Debug|Any CPU
		{867C4882-1084-47F6-BCFF-8BE33C0CED78}.Release|Any CPU.ActiveCfg = Release|Any CPU
		{867C4882-1084-47F6-BCFF-8BE33C0CED78}.Release|Any CPU.Build.0 = Release|Any CPU
		{3FC225A5-6AE6-4C31-8578-B72C23A353F2}.Debug|Any CPU.ActiveCfg = Debug|Any CPU
		{3FC225A5-6AE6-4C31-8578-B72C23A353F2}.Debug|Any CPU.Build.0 = Debug|Any CPU
		{3FC225A5-6AE6-4C31-8578-B72C23A353F2}.Release|Any CPU.ActiveCfg = Release|Any CPU
		{3FC225A5-6AE6-4C31-8578-B72C23A353F2}.Release|Any CPU.Build.0 = Release|Any CPU
		{84DA5378-CFFD-4AFC-A758-493978FD3901}.Debug|Any CPU.ActiveCfg = Debug|Any CPU
		{84DA5378-CFFD-4AFC-A758-493978FD3901}.Debug|Any CPU.Build.0 = Debug|Any CPU
		{84DA5378-CFFD-4AFC-A758-493978FD3901}.Release|Any CPU.ActiveCfg = Release|Any CPU
		{84DA5378-CFFD-4AFC-A758-493978FD3901}.Release|Any CPU.Build.0 = Release|Any CPU
	EndGlobalSection
	GlobalSection(SolutionProperties) = preSolution
		HideSolutionNode = FALSE
	EndGlobalSection
	GlobalSection(NestedProjects) = preSolution
		{D4D6F2C6-312C-4B17-8D3E-607D37A9BB91} = {C7D929D4-BF08-40AB-A9C5-7A65DBF2618C}
		{D556D6F7-0771-493B-9567-97443E1457A0} = {C7D929D4-BF08-40AB-A9C5-7A65DBF2618C}
		{FF2664BF-0C1A-4C51-A9AE-56781EBF666A} = {D4D6F2C6-312C-4B17-8D3E-607D37A9BB91}
		{0E4FE3C1-4665-4B19-BD5A-ED6A5196B664} = {D4D6F2C6-312C-4B17-8D3E-607D37A9BB91}
		{32AF0756-3280-4CE3-9CDF-693191EBAF92} = {D4D6F2C6-312C-4B17-8D3E-607D37A9BB91}
		{E99FB43F-EF24-4B73-8DC1-B76097877386} = {C7D929D4-BF08-40AB-A9C5-7A65DBF2618C}
		{FE70971A-D604-4788-8D82-287734E4C2D2} = {C7D929D4-BF08-40AB-A9C5-7A65DBF2618C}
		{EF5AEA7B-3341-4B93-85BC-6179180A2A49} = {E99FB43F-EF24-4B73-8DC1-B76097877386}
		{5F48F6FE-F595-40D6-98C4-83497A1DEB39} = {FF2664BF-0C1A-4C51-A9AE-56781EBF666A}
		{A476A072-C37A-40FA-A49E-E8B3067933A2} = {FF2664BF-0C1A-4C51-A9AE-56781EBF666A}
		{E25D4BFD-2A06-4C2B-BE86-945FA871CDE7} = {0E4FE3C1-4665-4B19-BD5A-ED6A5196B664}
		{F79733A0-78FE-4110-ACB2-728A28935C5C} = {32AF0756-3280-4CE3-9CDF-693191EBAF92}
		{F87B04D5-8F10-4507-A174-F756443F16B0} = {FE70971A-D604-4788-8D82-287734E4C2D2}
		{867C4882-1084-47F6-BCFF-8BE33C0CED78} = {FE70971A-D604-4788-8D82-287734E4C2D2}
		{3FC225A5-6AE6-4C31-8578-B72C23A353F2} = {FE70971A-D604-4788-8D82-287734E4C2D2}
		{152ACAC0-B902-45FE-9E20-00E99C6C26A4} = {D556D6F7-0771-493B-9567-97443E1457A0}
		{84DA5378-CFFD-4AFC-A758-493978FD3901} = {152ACAC0-B902-45FE-9E20-00E99C6C26A4}
	EndGlobalSection
	GlobalSection(ExtensibilityGlobals) = postSolution
		SolutionGuid = {0E66BCB4-4D77-45F2-96AF-D5C5A30FEED3}
	EndGlobalSection
EndGlobal
